// !$*UTF8*$!
{
	archiveVersion = 1;
	classes = {
	};
	objectVersion = 55;
	objects = {

/* Begin PBXBuildFile section */
		446F3B062833FC9200464093 /* AppDelegate.swift in Sources */ = {isa = PBXBuildFile; fileRef = 446F3B052833FC9200464093 /* AppDelegate.swift */; };
		446F3B082833FC9200464093 /* SceneDelegate.swift in Sources */ = {isa = PBXBuildFile; fileRef = 446F3B072833FC9200464093 /* SceneDelegate.swift */; };
		446F3B0A2833FC9200464093 /* ViewController.swift in Sources */ = {isa = PBXBuildFile; fileRef = 446F3B092833FC9200464093 /* ViewController.swift */; };
		446F3B0D2833FC9200464093 /* Main.storyboard in Resources */ = {isa = PBXBuildFile; fileRef = 446F3B0B2833FC9200464093 /* Main.storyboard */; };
		446F3B0F2833FC9400464093 /* Assets.xcassets in Resources */ = {isa = PBXBuildFile; fileRef = 446F3B0E2833FC9400464093 /* Assets.xcassets */; };
		446F3B122833FC9400464093 /* LaunchScreen.storyboard in Resources */ = {isa = PBXBuildFile; fileRef = 446F3B102833FC9400464093 /* LaunchScreen.storyboard */; };
		446F3B1A283400CC00464093 /* addPasswordVC.swift in Sources */ = {isa = PBXBuildFile; fileRef = 446F3B19283400CC00464093 /* addPasswordVC.swift */; };
		446F3B1C283400DA00464093 /* LoginVC.swift in Sources */ = {isa = PBXBuildFile; fileRef = 446F3B1B283400DA00464093 /* LoginVC.swift */; };
		446F3B222834033700464093 /* KeychainSwift in Frameworks */ = {isa = PBXBuildFile; productRef = 446F3B212834033700464093 /* KeychainSwift */; };
/* End PBXBuildFile section */

/* Begin PBXFileReference section */
		446F3B022833FC9200464093 /* keychain.app */ = {isa = PBXFileReference; explicitFileType = wrapper.application; includeInIndex = 0; path = keychain.app; sourceTree = BUILT_PRODUCTS_DIR; };
		446F3B052833FC9200464093 /* AppDelegate.swift */ = {isa = PBXFileReference; lastKnownFileType = sourcecode.swift; path = AppDelegate.swift; sourceTree = "<group>"; };
		446F3B072833FC9200464093 /* SceneDelegate.swift */ = {isa = PBXFileReference; lastKnownFileType = sourcecode.swift; path = SceneDelegate.swift; sourceTree = "<group>"; };
		446F3B092833FC9200464093 /* ViewController.swift */ = {isa = PBXFileReference; lastKnownFileType = sourcecode.swift; path = ViewController.swift; sourceTree = "<group>"; };
		446F3B0C2833FC9200464093 /* Base */ = {isa = PBXFileReference; lastKnownFileType = file.storyboard; name = Base; path = Base.lproj/Main.storyboard; sourceTree = "<group>"; };
		446F3B0E2833FC9400464093 /* Assets.xcassets */ = {isa = PBXFileReference; lastKnownFileType = folder.assetcatalog; path = Assets.xcassets; sourceTree = "<group>"; };
		446F3B112833FC9400464093 /* Base */ = {isa = PBXFileReference; lastKnownFileType = file.storyboard; name = Base; path = Base.lproj/LaunchScreen.storyboard; sourceTree = "<group>"; };
		446F3B132833FC9400464093 /* Info.plist */ = {isa = PBXFileReference; lastKnownFileType = text.plist.xml; path = Info.plist; sourceTree = "<group>"; };
		446F3B19283400CC00464093 /* addPasswordVC.swift */ = {isa = PBXFileReference; lastKnownFileType = sourcecode.swift; path = addPasswordVC.swift; sourceTree = "<group>"; };
		446F3B1B283400DA00464093 /* LoginVC.swift */ = {isa = PBXFileReference; lastKnownFileType = sourcecode.swift; path = LoginVC.swift; sourceTree = "<group>"; };
/* End PBXFileReference section */

/* Begin PBXFrameworksBuildPhase section */
		446F3AFF2833FC9200464093 /* Frameworks */ = {
			isa = PBXFrameworksBuildPhase;
			buildActionMask = 2147483647;
			files = (
				446F3B222834033700464093 /* KeychainSwift in Frameworks */,
			);
			runOnlyForDeploymentPostprocessing = 0;
		};
/* End PBXFrameworksBuildPhase section */

/* Begin PBXGroup section */
		446F3AF92833FC9200464093 = {
			isa = PBXGroup;
			children = (
				446F3B042833FC9200464093 /* keychain */,
				446F3B032833FC9200464093 /* Products */,
			);
			sourceTree = "<group>";
		};
		446F3B032833FC9200464093 /* Products */ = {
			isa = PBXGroup;
			children = (
				446F3B022833FC9200464093 /* keychain.app */,
			);
			name = Products;
			sourceTree = "<group>";
		};
		446F3B042833FC9200464093 /* keychain */ = {
			isa = PBXGroup;
			children = (
				446F3B052833FC9200464093 /* AppDelegate.swift */,
				446F3B072833FC9200464093 /* SceneDelegate.swift */,
				446F3B092833FC9200464093 /* ViewController.swift */,
				446F3B0B2833FC9200464093 /* Main.storyboard */,
				446F3B0E2833FC9400464093 /* Assets.xcassets */,
				446F3B102833FC9400464093 /* LaunchScreen.storyboard */,
				446F3B132833FC9400464093 /* Info.plist */,
				446F3B19283400CC00464093 /* addPasswordVC.swift */,
				446F3B1B283400DA00464093 /* LoginVC.swift */,
			);
			path = keychain;
			sourceTree = "<group>";
		};
/* End PBXGroup section */

/* Begin PBXNativeTarget section */
		446F3B012833FC9200464093 /* keychain */ = {
			isa = PBXNativeTarget;
			buildConfigurationList = 446F3B162833FC9400464093 /* Build configuration list for PBXNativeTarget "keychain" */;
			buildPhases = (
				446F3AFE2833FC9200464093 /* Sources */,
				446F3AFF2833FC9200464093 /* Frameworks */,
				446F3B002833FC9200464093 /* Resources */,
			);
			buildRules = (
			);
			dependencies = (
			);
			name = keychain;
			packageProductDependencies = (
				446F3B212834033700464093 /* KeychainSwift */,
			);
			productName = keychain;
			productReference = 446F3B022833FC9200464093 /* keychain.app */;
			productType = "com.apple.product-type.application";
		};
/* End PBXNativeTarget section */

/* Begin PBXProject section */
		446F3AFA2833FC9200464093 /* Project object */ = {
			isa = PBXProject;
			attributes = {
				BuildIndependentTargetsInParallel = 1;
				LastSwiftUpdateCheck = 1320;
				LastUpgradeCheck = 1320;
				TargetAttributes = {
					446F3B012833FC9200464093 = {
						CreatedOnToolsVersion = 13.2.1;
					};
				};
			};
			buildConfigurationList = 446F3AFD2833FC9200464093 /* Build configuration list for PBXProject "keychain" */;
			compatibilityVersion = "Xcode 13.0";
			developmentRegion = en;
			hasScannedForEncodings = 0;
			knownRegions = (
				en,
				Base,
			);
			mainGroup = 446F3AF92833FC9200464093;
			packageReferences = (
				446F3B202834033700464093 /* XCRemoteSwiftPackageReference "keychain-swift" */,
			);
			productRefGroup = 446F3B032833FC9200464093 /* Products */;
			projectDirPath = "";
			projectRoot = "";
			targets = (
				446F3B012833FC9200464093 /* keychain */,
			);
		};
/* End PBXProject section */

/* Begin PBXResourcesBuildPhase section */
		446F3B002833FC9200464093 /* Resources */ = {
			isa = PBXResourcesBuildPhase;
			buildActionMask = 2147483647;
			files = (
				446F3B122833FC9400464093 /* LaunchScreen.storyboard in Resources */,
				446F3B0F2833FC9400464093 /* Assets.xcassets in Resources */,
				446F3B0D2833FC9200464093 /* Main.storyboard in Resources */,
			);
			runOnlyForDeploymentPostprocessing = 0;
		};
/* End PBXResourcesBuildPhase section */

/* Begin PBXSourcesBuildPhase section */
		446F3AFE2833FC9200464093 /* Sources */ = {
			isa = PBXSourcesBuildPhase;
			buildActionMask = 2147483647;
			files = (
				446F3B0A2833FC9200464093 /* ViewController.swift in Sources */,
				446F3B062833FC9200464093 /* AppDelegate.swift in Sources */,
				446F3B082833FC9200464093 /* SceneDelegate.swift in Sources */,
				446F3B1A283400CC00464093 /* addPasswordVC.swift in Sources */,
				446F3B1C283400DA00464093 /* LoginVC.swift in Sources */,
			);
			runOnlyForDeploymentPostprocessing = 0;
		};
/* End PBXSourcesBuildPhase section */

/* Begin PBXVariantGroup section */
		446F3B0B2833FC9200464093 /* Main.storyboard */ = {
			isa = PBXVariantGroup;
			children = (
				446F3B0C2833FC9200464093 /* Base */,
			);
			name = Main.storyboard;
			sourceTree = "<group>";
		};
		446F3B102833FC9400464093 /* LaunchScreen.storyboard */ = {
			isa = PBXVariantGroup;
			children = (
				446F3B112833FC9400464093 /* Base */,
			);
			name = LaunchScreen.storyboard;
			sourceTree = "<group>";
		};
/* End PBXVariantGroup section */

/* Begin XCBuildConfiguration section */
		446F3B142833FC9400464093 /* Debug */ = {
			isa = XCBuildConfiguration;
			buildSettings = {
				ALWAYS_SEARCH_USER_PATHS = NO;
				CLANG_ANALYZER_NONNULL = YES;
				CLANG_ANALYZER_NUMBER_OBJECT_CONVERSION = YES_AGGRESSIVE;
				CLANG_CXX_LANGUAGE_STANDARD = "gnu++17";
				CLANG_CXX_LIBRARY = "libc++";
				CLANG_ENABLE_MODULES = YES;
				CLANG_ENABLE_OBJC_ARC = YES;
				CLANG_ENABLE_OBJC_WEAK = YES;
				CLANG_WARN_BLOCK_CAPTURE_AUTORELEASING = YES;
				CLANG_WARN_BOOL_CONVERSION = YES;
				CLANG_WARN_COMMA = YES;
				CLANG_WARN_CONSTANT_CONVERSION = YES;
				CLANG_WARN_DEPRECATED_OBJC_IMPLEMENTATIONS = YES;
				CLANG_WARN_DIRECT_OBJC_ISA_USAGE = YES_ERROR;
				CLANG_WARN_DOCUMENTATION_COMMENTS = YES;
				CLANG_WARN_EMPTY_BODY = YES;
				CLANG_WARN_ENUM_CONVERSION = YES;
				CLANG_WARN_INFINITE_RECURSION = YES;
				CLANG_WARN_INT_CONVERSION = YES;
				CLANG_WARN_NON_LITERAL_NULL_CONVERSION = YES;
				CLANG_WARN_OBJC_IMPLICIT_RETAIN_SELF = YES;
				CLANG_WARN_OBJC_LITERAL_CONVERSION = YES;
				CLANG_WARN_OBJC_ROOT_CLASS = YES_ERROR;
				CLANG_WARN_QUOTED_INCLUDE_IN_FRAMEWORK_HEADER = YES;
				CLANG_WARN_RANGE_LOOP_ANALYSIS = YES;
				CLANG_WARN_STRICT_PROTOTYPES = YES;
				CLANG_WARN_SUSPICIOUS_MOVE = YES;
				CLANG_WARN_UNGUARDED_AVAILABILITY = YES_AGGRESSIVE;
				CLANG_WARN_UNREACHABLE_CODE = YES;
				CLANG_WARN__DUPLICATE_METHOD_MATCH = YES;
				COPY_PHASE_STRIP = NO;
				DEBUG_INFORMATION_FORMAT = dwarf;
				ENABLE_STRICT_OBJC_MSGSEND = YES;
				ENABLE_TESTABILITY = YES;
				GCC_C_LANGUAGE_STANDARD = gnu11;
				GCC_DYNAMIC_NO_PIC = NO;
				GCC_NO_COMMON_BLOCKS = YES;
				GCC_OPTIMIZATION_LEVEL = 0;
				GCC_PREPROCESSOR_DEFINITIONS = (
					"DEBUG=1",
					"$(inherited)",
				);
				GCC_WARN_64_TO_32_BIT_CONVERSION = YES;
				GCC_WARN_ABOUT_RETURN_TYPE = YES_ERROR;
				GCC_WARN_UNDECLARED_SELECTOR = YES;
				GCC_WARN_UNINITIALIZED_AUTOS = YES_AGGRESSIVE;
				GCC_WARN_UNUSED_FUNCTION = YES;
				GCC_WARN_UNUSED_VARIABLE = YES;
				IPHONEOS_DEPLOYMENT_TARGET = 15.2;
				MTL_ENABLE_DEBUG_INFO = INCLUDE_SOURCE;
				MTL_FAST_MATH = YES;
				ONLY_ACTIVE_ARCH = YES;
				SDKROOT = iphoneos;
				SWIFT_ACTIVE_COMPILATION_CONDITIONS = DEBUG;
				SWIFT_OPTIMIZATION_LEVEL = "-Onone";
			};
			name = Debug;
		};
		446F3B152833FC9400464093 /* Release */ = {
			isa = XCBuildConfiguration;
			buildSettings = {
				ALWAYS_SEARCH_USER_PATHS = NO;
				CLANG_ANALYZER_NONNULL = YES;
				CLANG_ANALYZER_NUMBER_OBJECT_CONVERSION = YES_AGGRESSIVE;
				CLANG_CXX_LANGUAGE_STANDARD = "gnu++17";
				CLANG_CXX_LIBRARY = "libc++";
				CLANG_ENABLE_MODULES = YES;
				CLANG_ENABLE_OBJC_ARC = YES;
				CLANG_ENABLE_OBJC_WEAK = YES;
				CLANG_WARN_BLOCK_CAPTURE_AUTORELEASING = YES;
				CLANG_WARN_BOOL_CONVERSION = YES;
				CLANG_WARN_COMMA = YES;
				CLANG_WARN_CONSTANT_CONVERSION = YES;
				CLANG_WARN_DEPRECATED_OBJC_IMPLEMENTATIONS = YES;
				CLANG_WARN_DIRECT_OBJC_ISA_USAGE = YES_ERROR;
				CLANG_WARN_DOCUMENTATION_COMMENTS = YES;
				CLANG_WARN_EMPTY_BODY = YES;
				CLANG_WARN_ENUM_CONVERSION = YES;
				CLANG_WARN_INFINITE_RECURSION = YES;
				CLANG_WARN_INT_CONVERSION = YES;
				CLANG_WARN_NON_LITERAL_NULL_CONVERSION = YES;
				CLANG_WARN_OBJC_IMPLICIT_RETAIN_SELF = YES;
				CLANG_WARN_OBJC_LITERAL_CONVERSION = YES;
				CLANG_WARN_OBJC_ROOT_CLASS = YES_ERROR;
				CLANG_WARN_QUOTED_INCLUDE_IN_FRAMEWORK_HEADER = YES;
				CLANG_WARN_RANGE_LOOP_ANALYSIS = YES;
				CLANG_WARN_STRICT_PROTOTYPES = YES;
				CLANG_WARN_SUSPICIOUS_MOVE = YES;
				CLANG_WARN_UNGUARDED_AVAILABILITY = YES_AGGRESSIVE;
				CLANG_WARN_UNREACHABLE_CODE = YES;
				CLANG_WARN__DUPLICATE_METHOD_MATCH = YES;
				COPY_PHASE_STRIP = NO;
				DEBUG_INFORMATION_FORMAT = "dwarf-with-dsym";
				ENABLE_NS_ASSERTIONS = NO;
				ENABLE_STRICT_OBJC_MSGSEND = YES;
				GCC_C_LANGUAGE_STANDARD = gnu11;
				GCC_NO_COMMON_BLOCKS = YES;
				GCC_WARN_64_TO_32_BIT_CONVERSION = YES;
				GCC_WARN_ABOUT_RETURN_TYPE = YES_ERROR;
				GCC_WARN_UNDECLARED_SELECTOR = YES;
				GCC_WARN_UNINITIALIZED_AUTOS = YES_AGGRESSIVE;
				GCC_WARN_UNUSED_FUNCTION = YES;
				GCC_WARN_UNUSED_VARIABLE = YES;
				IPHONEOS_DEPLOYMENT_TARGET = 15.2;
				MTL_ENABLE_DEBUG_INFO = NO;
				MTL_FAST_MATH = YES;
				SDKROOT = iphoneos;
				SWIFT_COMPILATION_MODE = wholemodule;
				SWIFT_OPTIMIZATION_LEVEL = "-O";
				VALIDATE_PRODUCT = YES;
			};
			name = Release;
		};
		446F3B172833FC9400464093 /* Debug */ = {
			isa = XCBuildConfiguration;
			buildSettings = {
				ASSETCATALOG_COMPILER_APPICON_NAME = AppIcon;
				ASSETCATALOG_COMPILER_GLOBAL_ACCENT_COLOR_NAME = AccentColor;
				CODE_SIGN_STYLE = Automatic;
				CURRENT_PROJECT_VERSION = 1;
				DEVELOPMENT_TEAM = W7548MFZWQ;
				GENERATE_INFOPLIST_FILE = YES;
				INFOPLIST_FILE = keychain/Info.plist;
				INFOPLIST_KEY_UIApplicationSupportsIndirectInputEvents = YES;
				INFOPLIST_KEY_UILaunchStoryboardName = LaunchScreen;
				INFOPLIST_KEY_UIMainStoryboardFile = Main;
				INFOPLIST_KEY_UISupportedInterfaceOrientations_iPad = "UIInterfaceOrientationPortrait UIInterfaceOrientationPortraitUpsideDown UIInterfaceOrientationLandscapeLeft UIInterfaceOrientationLandscapeRight";
				INFOPLIST_KEY_UISupportedInterfaceOrientations_iPhone = "UIInterfaceOrientationPortrait UIInterfaceOrientationLandscapeLeft UIInterfaceOrientationLandscapeRight";
				LD_RUNPATH_SEARCH_PATHS = (
					"$(inherited)",
					"@executable_path/Frameworks",
				);
				MARKETING_VERSION = 1.0;
				PRODUCT_BUNDLE_IDENTIFIER = com.ismailackyurek.keychain;
				PRODUCT_NAME = "$(TARGET_NAME)";
				SWIFT_EMIT_LOC_STRINGS = YES;
				SWIFT_VERSION = 5.0;
				TARGETED_DEVICE_FAMILY = "1,2";
			};
			name = Debug;
		};
		446F3B182833FC9400464093 /* Release */ = {
			isa = XCBuildConfiguration;
			buildSettings = {
				ASSETCATALOG_COMPILER_APPICON_NAME = AppIcon;
				ASSETCATALOG_COMPILER_GLOBAL_ACCENT_COLOR_NAME = AccentColor;
				CODE_SIGN_STYLE = Automatic;
				CURRENT_PROJECT_VERSION = 1;
				DEVELOPMENT_TEAM = W7548MFZWQ;
				GENERATE_INFOPLIST_FILE = YES;
				INFOPLIST_FILE = keychain/Info.plist;
				INFOPLIST_KEY_UIApplicationSupportsIndirectInputEvents = YES;
				INFOPLIST_KEY_UILaunchStoryboardName = LaunchScreen;
				INFOPLIST_KEY_UIMainStoryboardFile = Main;
				INFOPLIST_KEY_UISupportedInterfaceOrientations_iPad = "UIInterfaceOrientationPortrait UIInterfaceOrientationPortraitUpsideDown UIInterfaceOrientationLandscapeLeft UIInterfaceOrientationLandscapeRight";
				INFOPLIST_KEY_UISupportedInterfaceOrientations_iPhone = "UIInterfaceOrientationPortrait UIInterfaceOrientationLandscapeLeft UIInterfaceOrientationLandscapeRight";
				LD_RUNPATH_SEARCH_PATHS = (
					"$(inherited)",
					"@executable_path/Frameworks",
				);
				MARKETING_VERSION = 1.0;
				PRODUCT_BUNDLE_IDENTIFIER = com.ismailackyurek.keychain;
				PRODUCT_NAME = "$(TARGET_NAME)";
				SWIFT_EMIT_LOC_STRINGS = YES;
				SWIFT_VERSION = 5.0;
				TARGETED_DEVICE_FAMILY = "1,2";
			};
			name = Release;
		};
/* End XCBuildConfiguration section */

/* Begin XCConfigurationList section */
		446F3AFD2833FC9200464093 /* Build configuration list for PBXProject "keychain" */ = {
			isa = XCConfigurationList;
			buildConfigurations = (
				446F3B142833FC9400464093 /* Debug */,
				446F3B152833FC9400464093 /* Release */,
			);
			defaultConfigurationIsVisible = 0;
			defaultConfigurationName = Release;
		};
		446F3B162833FC9400464093 /* Build configuration list for PBXNativeTarget "keychain" */ = {
			isa = XCConfigurationList;
			buildConfigurations = (
				446F3B172833FC9400464093 /* Debug */,
				446F3B182833FC9400464093 /* Release */,
			);
			defaultConfigurationIsVisible = 0;
			defaultConfigurationName = Release;
		};
/* End XCConfigurationList section */

/* Begin XCRemoteSwiftPackageReference section */
		446F3B202834033700464093 /* XCRemoteSwiftPackageReference "keychain-swift" */ = {
			isa = XCRemoteSwiftPackageReference;
			repositoryURL = "https://github.com/evgenyneu/keychain-swift.git";
			requirement = {
				branch = master;
				kind = branch;
			};
		};
/* End XCRemoteSwiftPackageReference section */

/* Begin XCSwiftPackageProductDependency section */
		446F3B212834033700464093 /* KeychainSwift */ = {
			isa = XCSwiftPackageProductDependency;
			package = 446F3B202834033700464093 /* XCRemoteSwiftPackageReference "keychain-swift" */;
			productName = KeychainSwift;
		};
/* End XCSwiftPackageProductDependency section */
	};
	rootObject = 446F3AFA2833FC9200464093 /* Project object */;
}
